{
  "pins" : [
    {
      "identity" : "cornerradius",
      "kind" : "remoteSourceControl",
      "location" : "https://github.com/stateman92/CornerRadius",
      "state" : {
        "revision" : "df97041f2d98a2a2c051250df914d98b16460e3f",
        "version" : "0.0.7"
      }
    }
  ],
  "version" : 2
}
