{
  "pins" : [
    {
      "identity" : "cornerradius",
      "kind" : "remoteSourceControl",
      "location" : "https://github.com/stateman92/CornerRadius",
      "state" : {
        "revision" : "2415d65c9e7ffb3a84d5020864dd6686e38bce0c",
        "version" : "0.0.4"
      }
    }
  ],
  "version" : 2
}
